
Microsoft Visual Studio Solution File, Format Version 12.00
# Visual Studio Version 17
VisualStudioVersion = 17.8.34316.72
MinimumVisualStudioVersion = 10.0.40219.1
Project("{FAE04EC0-301F-11D3-BF4B-00C04F79EFBC}") = "WeatherWeb", "WeatherWeb\WeatherWeb.csproj", "{9636DFA3-DBB8-4C43-9E5E-950403CFB5BE}"
EndProject
Global
	GlobalSection(SolutionConfigurationPlatforms) = preSolution
		Debug|Any CPU = Debug|Any CPU
		Release|Any CPU = Release|Any CPU
	EndGlobalSection
	GlobalSection(ProjectConfigurationPlatforms) = postSolution
		{9636DFA3-DBB8-4C43-9E5E-950403CFB5BE}.Debug|Any CPU.ActiveCfg = Debug|Any CPU
		{9636DFA3-DBB8-4C43-9E5E-950403CFB5BE}.Debug|Any CPU.Build.0 = Debug|Any CPU
		{9636DFA3-DBB8-4C43-9E5E-950403CFB5BE}.Release|Any CPU.ActiveCfg = Release|Any CPU
		{9636DFA3-DBB8-4C43-9E5E-950403CFB5BE}.Release|Any CPU.Build.0 = Release|Any CPU
	EndGlobalSection
	GlobalSection(SolutionProperties) = preSolution
		HideSolutionNode = FALSE
	EndGlobalSection
	GlobalSection(ExtensibilityGlobals) = postSolution
		SolutionGuid = {D78DBCD7-A9BC-4928-889D-F2E3D80B79D0}
	EndGlobalSection
EndGlobal
